{
  "name": "mvo-website",
  "requires": true,
  "lockfileVersion": 1,
  "dependencies": {
    "amdefine": {
      "version": "1.0.1",
      "resolved": "https://registry.npmjs.org/amdefine/-/amdefine-1.0.1.tgz",
      "integrity": "sha1-SlKCrBZHKek2Gbz9OtFR+BfOkfU="
    },
    "async": {
      "version": "0.2.10",
      "resolved": "https://registry.npmjs.org/async/-/async-0.2.10.tgz",
      "integrity": "sha1-trvgsGdLnXGXCMo43owjfLUmw9E="
    },
    "blueimp-canvas-to-blob": {
      "version": "3.5.0",
      "resolved": "https://registry.npmjs.org/blueimp-canvas-to-blob/-/blueimp-canvas-to-blob-3.5.0.tgz",
      "integrity": "sha1-VnmsMvaig1gh8MOtZhcZ/4WpI2s=",
      "optional": true
    },
    "blueimp-file-upload": {
      "version": "9.20.0",
      "resolved": "https://registry.npmjs.org/blueimp-file-upload/-/blueimp-file-upload-9.20.0.tgz",
      "integrity": "sha512-QHy1b3KRzY23IUhn/UNHb74IlaUVfcVlAA+heJKeX9ZtQVgWrnvX7OgmigW4DNuqarnQx3CMq6lsmYkY7Yh1MA==",
      "requires": {
        "blueimp-canvas-to-blob": "3.5.0",
        "blueimp-load-image": "2.12.2",
        "blueimp-tmpl": "3.6.0"
      }
    },
    "blueimp-gallery": {
      "version": "2.30.0",
      "resolved": "https://registry.npmjs.org/blueimp-gallery/-/blueimp-gallery-2.30.0.tgz",
      "integrity": "sha512-dIv38QiFHhpaBqr7ecOBpsy2PgeNcHU9Kjy+P7rE1EcSFAaWpeoMbFCUe3VKgSDSaZaIO/dlfmpc0E0/VAvHPg=="
    },
    "blueimp-load-image": {
      "version": "2.12.2",
      "resolved": "https://registry.npmjs.org/blueimp-load-image/-/blueimp-load-image-2.12.2.tgz",
      "integrity": "sha1-ahdZiquFjU+/AVQ+BjEUG1EFfIc=",
      "optional": true
    },
    "blueimp-tmpl": {
      "version": "3.6.0",
      "resolved": "https://registry.npmjs.org/blueimp-tmpl/-/blueimp-tmpl-3.6.0.tgz",
      "integrity": "sha1-pJEJddBC4rwDunfw5i0E8VSKUkw=",
      "optional": true
    },
    "bootstrap": {
      "version": "4.0.0",
      "resolved": "https://registry.npmjs.org/bootstrap/-/bootstrap-4.0.0.tgz",
      "integrity": "sha512-gulJE5dGFo6Q61V/whS6VM4WIyrlydXfCgkE+Gxe5hjrJ8rXLLZlALq7zq2RPhOc45PSwQpJkrTnc2KgD6cvmA=="
    },
    "bootstrap-3-typeahead": {
      "version": "4.0.2",
      "resolved": "https://registry.npmjs.org/bootstrap-3-typeahead/-/bootstrap-3-typeahead-4.0.2.tgz",
      "integrity": "sha1-yxyWkESFaGIJb8jHHMIbOsu1BBI="
    },
    "bootstrap-notify": {
      "version": "3.1.3",
      "resolved": "https://registry.npmjs.org/bootstrap-notify/-/bootstrap-notify-3.1.3.tgz",
      "integrity": "sha1-fpizppbPRSp7VnJ/CzMWqQA3wQs="
    },
    "bootstrap-select": {
      "version": "git://github.com/snapappointments/bootstrap-select.git#24f1507d3d8ace5b3673d375d28c5a1ef6087105"
    },
    "bootstrap-sortable": {
      "version": "git://github.com/drvic10k/bootstrap-sortable.git#ff650fd17cc2872f4031d355fa6382066d064e87"
    },
    "ckeditor": {
      "version": "4.8.0",
      "resolved": "https://registry.npmjs.org/ckeditor/-/ckeditor-4.8.0.tgz",
      "integrity": "sha1-XUUPoCpo1aFDz1YZdU+/DATK1CY="
    },
    "cropperjs": {
      "version": "1.3.2",
      "resolved": "https://registry.npmjs.org/cropperjs/-/cropperjs-1.3.2.tgz",
      "integrity": "sha512-r5SE9E+pz3JnTEApavBzLuH9ZOkL45YSCafgxeXztxq6hhUMupTz4Vr/d8YLL5HwTTjKlF/NdLDaFv5KIoriyA=="
    },
    "fullcalendar": {
      "version": "3.8.0",
      "resolved": "https://registry.npmjs.org/fullcalendar/-/fullcalendar-3.8.0.tgz",
      "integrity": "sha1-TA/klKYrCo1kDG3o64g7SaIStdw=",
      "requires": {
        "jquery": "3.3.1",
        "moment": "2.20.1"
      }
    },
    "highcharts": {
      "version": "6.0.4",
      "resolved": "https://registry.npmjs.org/highcharts/-/highcharts-6.0.4.tgz",
      "integrity": "sha512-NCcqc2Qu9NoBX0coVbxTckVte4eDmobfHg9mwPsqd1v92Wizs5ygYX9NvkYW2l7xMkkxkApgamNW39cNkonNmw=="
    },
    "jquery": {
      "version": "3.3.1",
      "resolved": "https://registry.npmjs.org/jquery/-/jquery-3.3.1.tgz",
      "integrity": "sha512-Ubldcmxp5np52/ENotGxlLe6aGMvmF4R8S6tZjsP6Knsaxd/xp3Zrh50cG93lR6nPXyUFwzN3ZSOQI0wRJNdGg=="
    },
    "jquery-cropper": {
      "version": "1.0.0-beta",
      "resolved": "https://registry.npmjs.org/jquery-cropper/-/jquery-cropper-1.0.0-beta.tgz",
      "integrity": "sha512-Vhzu/IEkBc5du8PyHZHlhLAKSQTZrCvDSKu4ftFA9T1wnBWpfqqo4jAqI7u+YnLNESfc5uScN/foh+2fZZyMOQ=="
    },
    "jquery-qrcode": {
      "version": "1.0.0",
      "resolved": "https://registry.npmjs.org/jquery-qrcode/-/jquery-qrcode-1.0.0.tgz",
      "integrity": "sha1-VJ2WZ5ofbc9IrEr40DrYT9lV264="
    },
    "jquery-ui": {
      "version": "1.12.1",
      "resolved": "https://registry.npmjs.org/jquery-ui/-/jquery-ui-1.12.1.tgz",
      "integrity": "sha1-vLQEXI3QU5wTS8FIjN0+dop6nlE="
    },
    "jstree-bootstrap-theme": {
      "version": "1.0.1",
      "resolved": "https://registry.npmjs.org/jstree-bootstrap-theme/-/jstree-bootstrap-theme-1.0.1.tgz",
      "integrity": "sha1-fV7cc6hG6Np/lPV6HMXd7p2eq0s=",
      "requires": {
        "jquery": "3.3.1"
      }
    },
    "moment": {
      "version": "2.20.1",
      "resolved": "https://registry.npmjs.org/moment/-/moment-2.20.1.tgz",
      "integrity": "sha512-Yh9y73JRljxW5QxN08Fner68eFLxM5ynNOAw2LbIB1YAGeQzZT8QFSUvkAz609Zf+IHhhaUxqZK8dG3W/+HEvg=="
    },
    "mustache": {
      "version": "2.3.0",
      "resolved": "https://registry.npmjs.org/mustache/-/mustache-2.3.0.tgz",
      "integrity": "sha1-QCj3d4sXcIpImTCm5SrDvKDaQdA="
    },
    "optimist": {
      "version": "0.3.7",
      "resolved": "https://registry.npmjs.org/optimist/-/optimist-0.3.7.tgz",
      "integrity": "sha1-yQlBrVnkJzMokjB00s8ufLxuwNk=",
      "requires": {
        "wordwrap": "0.0.3"
      }
    },
    "popper.js": {
      "version": "1.12.9",
      "resolved": "https://registry.npmjs.org/popper.js/-/popper.js-1.12.9.tgz",
      "integrity": "sha1-DfvC3/lsRRuzMu3Pz6r1ZtMx1bM="
    },
    "pwstrength-bootstrap": {
      "version": "2.1.1",
      "resolved": "https://registry.npmjs.org/pwstrength-bootstrap/-/pwstrength-bootstrap-2.1.1.tgz",
      "integrity": "sha512-N0NKvyA4ilGp1h2CcyKkWgQb973t//RFk1dAXKRzB4Op0SzkTwITFw1n94+0fNUEQLx1liOFbAyvlNDs1KUMgQ==",
      "requires": {
        "bootstrap": "4.0.0",
        "jquery": "3.3.1"
      }
    },
    "require": {
      "version": "2.4.20",
      "resolved": "https://registry.npmjs.org/require/-/require-2.4.20.tgz",
      "integrity": "sha1-Zstrqqu2XeinHXk/XGX9GE83mLY=",
      "requires": {
        "std": "0.1.40",
        "uglify-js": "2.3.0"
      }
    },
    "source-map": {
      "version": "0.1.43",
      "resolved": "https://registry.npmjs.org/source-map/-/source-map-0.1.43.tgz",
      "integrity": "sha1-wkvBRspRfBRx9drL4lcbK3+eM0Y=",
      "requires": {
        "amdefine": "1.0.1"
      }
    },
    "std": {
      "version": "0.1.40",
      "resolved": "https://registry.npmjs.org/std/-/std-0.1.40.tgz",
      "integrity": "sha1-Nnil9lCU2eG2teJu2/wCErg0K3E="
    },
    "uglify-js": {
      "version": "2.3.0",
      "resolved": "https://registry.npmjs.org/uglify-js/-/uglify-js-2.3.0.tgz",
      "integrity": "sha1-LN7BbTeKiituz7aYl4TPi3rlSR8=",
      "requires": {
        "async": "0.2.10",
        "optimist": "0.3.7",
        "source-map": "0.1.43"
      }
    },
    "wordwrap": {
      "version": "0.0.3",
      "resolved": "https://registry.npmjs.org/wordwrap/-/wordwrap-0.0.3.tgz",
      "integrity": "sha1-o9XabNXAvAAI03I0u68b7WMFkQc="
    },
    "zxcvbn": {
      "version": "4.4.2",
      "resolved": "https://registry.npmjs.org/zxcvbn/-/zxcvbn-4.4.2.tgz",
      "integrity": "sha1-KOwXzwl0PtyrBW3dixsGJizHPDA="
    }
  }
}
